// !$*UTF8*$!
{
	archiveVersion = 1;
	classes = {
	};
	objectVersion = 50;
	objects = {

/* Begin PBXBuildFile section */
		F1FF6F7B2124C06700DDCD65 /* AppDelegate.m in Sources */ = {isa = PBXBuildFile; fileRef = F1FF6F7A2124C06700DDCD65 /* AppDelegate.m */; };
		F1FF6F7E2124C06700DDCD65 /* ViewController.m in Sources */ = {isa = PBXBuildFile; fileRef = F1FF6F7D2124C06700DDCD65 /* ViewController.m */; };
		F1FF6F812124C06700DDCD65 /* Main.storyboard in Resources */ = {isa = PBXBuildFile; fileRef = F1FF6F7F2124C06700DDCD65 /* Main.storyboard */; };
		F1FF6F832124C06900DDCD65 /* Assets.xcassets in Resources */ = {isa = PBXBuildFile; fileRef = F1FF6F822124C06900DDCD65 /* Assets.xcassets */; };
		F1FF6F862124C06900DDCD65 /* LaunchScreen.storyboard in Resources */ = {isa = PBXBuildFile; fileRef = F1FF6F842124C06900DDCD65 /* LaunchScreen.storyboard */; };
		F1FF6F892124C06A00DDCD65 /* main.m in Sources */ = {isa = PBXBuildFile; fileRef = F1FF6F882124C06A00DDCD65 /* main.m */; };
		F1FF6F932124C06A00DDCD65 /* InstaKiloAssignmentTests.m in Sources */ = {isa = PBXBuildFile; fileRef = F1FF6F922124C06A00DDCD65 /* InstaKiloAssignmentTests.m */; };
		F1FF6FAB2124C91400DDCD65 /* PhotoCell.m in Sources */ = {isa = PBXBuildFile; fileRef = F1FF6FAA2124C91400DDCD65 /* PhotoCell.m */; };
		F1FF6FAE2124CC3C00DDCD65 /* KiloPhotoObject.m in Sources */ = {isa = PBXBuildFile; fileRef = F1FF6FAD2124CC3C00DDCD65 /* KiloPhotoObject.m */; };
		F1FF6FB12124F92500DDCD65 /* KiloPhotoSectionHeaderCollectionReusableView.m in Sources */ = {isa = PBXBuildFile; fileRef = F1FF6FB02124F92500DDCD65 /* KiloPhotoSectionHeaderCollectionReusableView.m */; };
/* End PBXBuildFile section */

/* Begin PBXContainerItemProxy section */
		F1FF6F8F2124C06A00DDCD65 /* PBXContainerItemProxy */ = {
			isa = PBXContainerItemProxy;
			containerPortal = F1FF6F6E2124C06700DDCD65 /* Project object */;
			proxyType = 1;
			remoteGlobalIDString = F1FF6F752124C06700DDCD65;
			remoteInfo = InstaKiloAssignment;
		};
/* End PBXContainerItemProxy section */

/* Begin PBXFileReference section */
		F1FF6F762124C06700DDCD65 /* InstaKiloAssignment.app */ = {isa = PBXFileReference; explicitFileType = wrapper.application; includeInIndex = 0; path = InstaKiloAssignment.app; sourceTree = BUILT_PRODUCTS_DIR; };
		F1FF6F792124C06700DDCD65 /* AppDelegate.h */ = {isa = PBXFileReference; lastKnownFileType = sourcecode.c.h; path = AppDelegate.h; sourceTree = "<group>"; };
		F1FF6F7A2124C06700DDCD65 /* AppDelegate.m */ = {isa = PBXFileReference; lastKnownFileType = sourcecode.c.objc; path = AppDelegate.m; sourceTree = "<group>"; };
		F1FF6F7C2124C06700DDCD65 /* ViewController.h */ = {isa = PBXFileReference; lastKnownFileType = sourcecode.c.h; path = ViewController.h; sourceTree = "<group>"; };
		F1FF6F7D2124C06700DDCD65 /* ViewController.m */ = {isa = PBXFileReference; lastKnownFileType = sourcecode.c.objc; path = ViewController.m; sourceTree = "<group>"; };
		F1FF6F802124C06700DDCD65 /* Base */ = {isa = PBXFileReference; lastKnownFileType = file.storyboard; name = Base; path = Base.lproj/Main.storyboard; sourceTree = "<group>"; };
		F1FF6F822124C06900DDCD65 /* Assets.xcassets */ = {isa = PBXFileReference; lastKnownFileType = folder.assetcatalog; path = Assets.xcassets; sourceTree = "<group>"; };
		F1FF6F852124C06900DDCD65 /* Base */ = {isa = PBXFileReference; lastKnownFileType = file.storyboard; name = Base; path = Base.lproj/LaunchScreen.storyboard; sourceTree = "<group>"; };
		F1FF6F872124C06A00DDCD65 /* Info.plist */ = {isa = PBXFileReference; lastKnownFileType = text.plist.xml; path = Info.plist; sourceTree = "<group>"; };
		F1FF6F882124C06A00DDCD65 /* main.m */ = {isa = PBXFileReference; lastKnownFileType = sourcecode.c.objc; path = main.m; sourceTree = "<group>"; };
		F1FF6F8E2124C06A00DDCD65 /* InstaKiloAssignmentTests.xctest */ = {isa = PBXFileReference; explicitFileType = wrapper.cfbundle; includeInIndex = 0; path = InstaKiloAssignmentTests.xctest; sourceTree = BUILT_PRODUCTS_DIR; };
		F1FF6F922124C06A00DDCD65 /* InstaKiloAssignmentTests.m */ = {isa = PBXFileReference; lastKnownFileType = sourcecode.c.objc; path = InstaKiloAssignmentTests.m; sourceTree = "<group>"; };
		F1FF6F942124C06A00DDCD65 /* Info.plist */ = {isa = PBXFileReference; lastKnownFileType = text.plist.xml; path = Info.plist; sourceTree = "<group>"; };
		F1FF6FA92124C91400DDCD65 /* PhotoCell.h */ = {isa = PBXFileReference; lastKnownFileType = sourcecode.c.h; path = PhotoCell.h; sourceTree = "<group>"; };
		F1FF6FAA2124C91400DDCD65 /* PhotoCell.m */ = {isa = PBXFileReference; lastKnownFileType = sourcecode.c.objc; path = PhotoCell.m; sourceTree = "<group>"; };
		F1FF6FAC2124CC3C00DDCD65 /* KiloPhotoObject.h */ = {isa = PBXFileReference; lastKnownFileType = sourcecode.c.h; path = KiloPhotoObject.h; sourceTree = "<group>"; };
		F1FF6FAD2124CC3C00DDCD65 /* KiloPhotoObject.m */ = {isa = PBXFileReference; lastKnownFileType = sourcecode.c.objc; path = KiloPhotoObject.m; sourceTree = "<group>"; };
		F1FF6FAF2124F92500DDCD65 /* KiloPhotoSectionHeaderCollectionReusableView.h */ = {isa = PBXFileReference; lastKnownFileType = sourcecode.c.h; path = KiloPhotoSectionHeaderCollectionReusableView.h; sourceTree = "<group>"; };
		F1FF6FB02124F92500DDCD65 /* KiloPhotoSectionHeaderCollectionReusableView.m */ = {isa = PBXFileReference; lastKnownFileType = sourcecode.c.objc; path = KiloPhotoSectionHeaderCollectionReusableView.m; sourceTree = "<group>"; };
/* End PBXFileReference section */

/* Begin PBXFrameworksBuildPhase section */
		F1FF6F732124C06700DDCD65 /* Frameworks */ = {
			isa = PBXFrameworksBuildPhase;
			buildActionMask = 2147483647;
			files = (
			);
			runOnlyForDeploymentPostprocessing = 0;
		};
		F1FF6F8B2124C06A00DDCD65 /* Frameworks */ = {
			isa = PBXFrameworksBuildPhase;
			buildActionMask = 2147483647;
			files = (
			);
			runOnlyForDeploymentPostprocessing = 0;
		};
/* End PBXFrameworksBuildPhase section */

/* Begin PBXGroup section */
		F1FF6F6D2124C06700DDCD65 = {
			isa = PBXGroup;
			children = (
				F1FF6F782124C06700DDCD65 /* InstaKiloAssignment */,
				F1FF6F912124C06A00DDCD65 /* InstaKiloAssignmentTests */,
				F1FF6F772124C06700DDCD65 /* Products */,
			);
			sourceTree = "<group>";
		};
		F1FF6F772124C06700DDCD65 /* Products */ = {
			isa = PBXGroup;
			children = (
				F1FF6F762124C06700DDCD65 /* InstaKiloAssignment.app */,
				F1FF6F8E2124C06A00DDCD65 /* InstaKiloAssignmentTests.xctest */,
			);
			name = Products;
			sourceTree = "<group>";
		};
		F1FF6F782124C06700DDCD65 /* InstaKiloAssignment */ = {
			isa = PBXGroup;
			children = (
				F1FF6F792124C06700DDCD65 /* AppDelegate.h */,
				F1FF6F7A2124C06700DDCD65 /* AppDelegate.m */,
				F1FF6F7C2124C06700DDCD65 /* ViewController.h */,
				F1FF6F7D2124C06700DDCD65 /* ViewController.m */,
				F1FF6FAC2124CC3C00DDCD65 /* KiloPhotoObject.h */,
				F1FF6FAD2124CC3C00DDCD65 /* KiloPhotoObject.m */,
				F1FF6FA92124C91400DDCD65 /* PhotoCell.h */,
				F1FF6FAA2124C91400DDCD65 /* PhotoCell.m */,
				F1FF6F7F2124C06700DDCD65 /* Main.storyboard */,
				F1FF6FAF2124F92500DDCD65 /* KiloPhotoSectionHeaderCollectionReusableView.h */,
				F1FF6FB02124F92500DDCD65 /* KiloPhotoSectionHeaderCollectionReusableView.m */,
				F1FF6F822124C06900DDCD65 /* Assets.xcassets */,
				F1FF6F842124C06900DDCD65 /* LaunchScreen.storyboard */,
				F1FF6F872124C06A00DDCD65 /* Info.plist */,
				F1FF6F882124C06A00DDCD65 /* main.m */,
			);
			path = InstaKiloAssignment;
			sourceTree = "<group>";
		};
		F1FF6F912124C06A00DDCD65 /* InstaKiloAssignmentTests */ = {
			isa = PBXGroup;
			children = (
				F1FF6F922124C06A00DDCD65 /* InstaKiloAssignmentTests.m */,
				F1FF6F942124C06A00DDCD65 /* Info.plist */,
			);
			path = InstaKiloAssignmentTests;
			sourceTree = "<group>";
		};
/* End PBXGroup section */

/* Begin PBXNativeTarget section */
		F1FF6F752124C06700DDCD65 /* InstaKiloAssignment */ = {
			isa = PBXNativeTarget;
			buildConfigurationList = F1FF6F972124C06A00DDCD65 /* Build configuration list for PBXNativeTarget "InstaKiloAssignment" */;
			buildPhases = (
				F1FF6F722124C06700DDCD65 /* Sources */,
				F1FF6F732124C06700DDCD65 /* Frameworks */,
				F1FF6F742124C06700DDCD65 /* Resources */,
			);
			buildRules = (
			);
			dependencies = (
			);
			name = InstaKiloAssignment;
			productName = InstaKiloAssignment;
			productReference = F1FF6F762124C06700DDCD65 /* InstaKiloAssignment.app */;
			productType = "com.apple.product-type.application";
		};
		F1FF6F8D2124C06A00DDCD65 /* InstaKiloAssignmentTests */ = {
			isa = PBXNativeTarget;
			buildConfigurationList = F1FF6F9A2124C06A00DDCD65 /* Build configuration list for PBXNativeTarget "InstaKiloAssignmentTests" */;
			buildPhases = (
				F1FF6F8A2124C06A00DDCD65 /* Sources */,
				F1FF6F8B2124C06A00DDCD65 /* Frameworks */,
				F1FF6F8C2124C06A00DDCD65 /* Resources */,
			);
			buildRules = (
			);
			dependencies = (
				F1FF6F902124C06A00DDCD65 /* PBXTargetDependency */,
			);
			name = InstaKiloAssignmentTests;
			productName = InstaKiloAssignmentTests;
			productReference = F1FF6F8E2124C06A00DDCD65 /* InstaKiloAssignmentTests.xctest */;
			productType = "com.apple.product-type.bundle.unit-test";
		};
/* End PBXNativeTarget section */

/* Begin PBXProject section */
		F1FF6F6E2124C06700DDCD65 /* Project object */ = {
			isa = PBXProject;
			attributes = {
				LastUpgradeCheck = 0940;
				ORGANIZATIONNAME = "Nathan Wainwright";
				TargetAttributes = {
					F1FF6F752124C06700DDCD65 = {
						CreatedOnToolsVersion = 9.4.1;
					};
					F1FF6F8D2124C06A00DDCD65 = {
						CreatedOnToolsVersion = 9.4.1;
						TestTargetID = F1FF6F752124C06700DDCD65;
					};
				};
			};
			buildConfigurationList = F1FF6F712124C06700DDCD65 /* Build configuration list for PBXProject "InstaKiloAssignment" */;
			compatibilityVersion = "Xcode 9.3";
			developmentRegion = en;
			hasScannedForEncodings = 0;
			knownRegions = (
				en,
				Base,
			);
			mainGroup = F1FF6F6D2124C06700DDCD65;
			productRefGroup = F1FF6F772124C06700DDCD65 /* Products */;
			projectDirPath = "";
			projectRoot = "";
			targets = (
				F1FF6F752124C06700DDCD65 /* InstaKiloAssignment */,
				F1FF6F8D2124C06A00DDCD65 /* InstaKiloAssignmentTests */,
			);
		};
/* End PBXProject section */

/* Begin PBXResourcesBuildPhase section */
		F1FF6F742124C06700DDCD65 /* Resources */ = {
			isa = PBXResourcesBuildPhase;
			buildActionMask = 2147483647;
			files = (
				F1FF6F862124C06900DDCD65 /* LaunchScreen.storyboard in Resources */,
				F1FF6F832124C06900DDCD65 /* Assets.xcassets in Resources */,
				F1FF6F812124C06700DDCD65 /* Main.storyboard in Resources */,
			);
			runOnlyForDeploymentPostprocessing = 0;
		};
		F1FF6F8C2124C06A00DDCD65 /* Resources */ = {
			isa = PBXResourcesBuildPhase;
			buildActionMask = 2147483647;
			files = (
			);
			runOnlyForDeploymentPostprocessing = 0;
		};
/* End PBXResourcesBuildPhase section */

/* Begin PBXSourcesBuildPhase section */
		F1FF6F722124C06700DDCD65 /* Sources */ = {
			isa = PBXSourcesBuildPhase;
			buildActionMask = 2147483647;
			files = (
				F1FF6FAB2124C91400DDCD65 /* PhotoCell.m in Sources */,
				F1FF6F7E2124C06700DDCD65 /* ViewController.m in Sources */,
				F1FF6FB12124F92500DDCD65 /* KiloPhotoSectionHeaderCollectionReusableView.m in Sources */,
				F1FF6F892124C06A00DDCD65 /* main.m in Sources */,
				F1FF6F7B2124C06700DDCD65 /* AppDelegate.m in Sources */,
				F1FF6FAE2124CC3C00DDCD65 /* KiloPhotoObject.m in Sources */,
			);
			runOnlyForDeploymentPostprocessing = 0;
		};
		F1FF6F8A2124C06A00DDCD65 /* Sources */ = {
			isa = PBXSourcesBuildPhase;
			buildActionMask = 2147483647;
			files = (
				F1FF6F932124C06A00DDCD65 /* InstaKiloAssignmentTests.m in Sources */,
			);
			runOnlyForDeploymentPostprocessing = 0;
		};
/* End PBXSourcesBuildPhase section */

/* Begin PBXTargetDependency section */
		F1FF6F902124C06A00DDCD65 /* PBXTargetDependency */ = {
			isa = PBXTargetDependency;
			target = F1FF6F752124C06700DDCD65 /* InstaKiloAssignment */;
			targetProxy = F1FF6F8F2124C06A00DDCD65 /* PBXContainerItemProxy */;
		};
/* End PBXTargetDependency section */

/* Begin PBXVariantGroup section */
		F1FF6F7F2124C06700DDCD65 /* Main.storyboard */ = {
			isa = PBXVariantGroup;
			children = (
				F1FF6F802124C06700DDCD65 /* Base */,
			);
			name = Main.storyboard;
			sourceTree = "<group>";
		};
		F1FF6F842124C06900DDCD65 /* LaunchScreen.storyboard */ = {
			isa = PBXVariantGroup;
			children = (
				F1FF6F852124C06900DDCD65 /* Base */,
			);
			name = LaunchScreen.storyboard;
			sourceTree = "<group>";
		};
/* End PBXVariantGroup section */

/* Begin XCBuildConfiguration section */
		F1FF6F952124C06A00DDCD65 /* Debug */ = {
			isa = XCBuildConfiguration;
			buildSettings = {
				ALWAYS_SEARCH_USER_PATHS = NO;
				CLANG_ANALYZER_NONNULL = YES;
				CLANG_ANALYZER_NUMBER_OBJECT_CONVERSION = YES_AGGRESSIVE;
				CLANG_CXX_LANGUAGE_STANDARD = "gnu++14";
				CLANG_CXX_LIBRARY = "libc++";
				CLANG_ENABLE_MODULES = YES;
				CLANG_ENABLE_OBJC_ARC = YES;
				CLANG_ENABLE_OBJC_WEAK = YES;
				CLANG_WARN_BLOCK_CAPTURE_AUTORELEASING = YES;
				CLANG_WARN_BOOL_CONVERSION = YES;
				CLANG_WARN_COMMA = YES;
				CLANG_WARN_CONSTANT_CONVERSION = YES;
				CLANG_WARN_DEPRECATED_OBJC_IMPLEMENTATIONS = YES;
				CLANG_WARN_DIRECT_OBJC_ISA_USAGE = YES_ERROR;
				CLANG_WARN_DOCUMENTATION_COMMENTS = YES;
				CLANG_WARN_EMPTY_BODY = YES;
				CLANG_WARN_ENUM_CONVERSION = YES;
				CLANG_WARN_INFINITE_RECURSION = YES;
				CLANG_WARN_INT_CONVERSION = YES;
				CLANG_WARN_NON_LITERAL_NULL_CONVERSION = YES;
				CLANG_WARN_OBJC_IMPLICIT_RETAIN_SELF = YES;
				CLANG_WARN_OBJC_LITERAL_CONVERSION = YES;
				CLANG_WARN_OBJC_ROOT_CLASS = YES_ERROR;
				CLANG_WARN_RANGE_LOOP_ANALYSIS = YES;
				CLANG_WARN_STRICT_PROTOTYPES = YES;
				CLANG_WARN_SUSPICIOUS_MOVE = YES;
				CLANG_WARN_UNGUARDED_AVAILABILITY = YES_AGGRESSIVE;
				CLANG_WARN_UNREACHABLE_CODE = YES;
				CLANG_WARN__DUPLICATE_METHOD_MATCH = YES;
				CODE_SIGN_IDENTITY = "iPhone Developer";
				COPY_PHASE_STRIP = NO;
				DEBUG_INFORMATION_FORMAT = dwarf;
				ENABLE_STRICT_OBJC_MSGSEND = YES;
				ENABLE_TESTABILITY = YES;
				GCC_C_LANGUAGE_STANDARD = gnu11;
				GCC_DYNAMIC_NO_PIC = NO;
				GCC_NO_COMMON_BLOCKS = YES;
				GCC_OPTIMIZATION_LEVEL = 0;
				GCC_PREPROCESSOR_DEFINITIONS = (
					"DEBUG=1",
					"$(inherited)",
				);
				GCC_WARN_64_TO_32_BIT_CONVERSION = YES;
				GCC_WARN_ABOUT_RETURN_TYPE = YES_ERROR;
				GCC_WARN_UNDECLARED_SELECTOR = YES;
				GCC_WARN_UNINITIALIZED_AUTOS = YES_AGGRESSIVE;
				GCC_WARN_UNUSED_FUNCTION = YES;
				GCC_WARN_UNUSED_VARIABLE = YES;
				IPHONEOS_DEPLOYMENT_TARGET = 11.4;
				MTL_ENABLE_DEBUG_INFO = YES;
				ONLY_ACTIVE_ARCH = YES;
				SDKROOT = iphoneos;
			};
			name = Debug;
		};
		F1FF6F962124C06A00DDCD65 /* Release */ = {
			isa = XCBuildConfiguration;
			buildSettings = {
				ALWAYS_SEARCH_USER_PATHS = NO;
				CLANG_ANALYZER_NONNULL = YES;
				CLANG_ANALYZER_NUMBER_OBJECT_CONVERSION = YES_AGGRESSIVE;
				CLANG_CXX_LANGUAGE_STANDARD = "gnu++14";
				CLANG_CXX_LIBRARY = "libc++";
				CLANG_ENABLE_MODULES = YES;
				CLANG_ENABLE_OBJC_ARC = YES;
				CLANG_ENABLE_OBJC_WEAK = YES;
				CLANG_WARN_BLOCK_CAPTURE_AUTORELEASING = YES;
				CLANG_WARN_BOOL_CONVERSION = YES;
				CLANG_WARN_COMMA = YES;
				CLANG_WARN_CONSTANT_CONVERSION = YES;
				CLANG_WARN_DEPRECATED_OBJC_IMPLEMENTATIONS = YES;
				CLANG_WARN_DIRECT_OBJC_ISA_USAGE = YES_ERROR;
				CLANG_WARN_DOCUMENTATION_COMMENTS = YES;
				CLANG_WARN_EMPTY_BODY = YES;
				CLANG_WARN_ENUM_CONVERSION = YES;
				CLANG_WARN_INFINITE_RECURSION = YES;
				CLANG_WARN_INT_CONVERSION = YES;
				CLANG_WARN_NON_LITERAL_NULL_CONVERSION = YES;
				CLANG_WARN_OBJC_IMPLICIT_RETAIN_SELF = YES;
				CLANG_WARN_OBJC_LITERAL_CONVERSION = YES;
				CLANG_WARN_OBJC_ROOT_CLASS = YES_ERROR;
				CLANG_WARN_RANGE_LOOP_ANALYSIS = YES;
				CLANG_WARN_STRICT_PROTOTYPES = YES;
				CLANG_WARN_SUSPICIOUS_MOVE = YES;
				CLANG_WARN_UNGUARDED_AVAILABILITY = YES_AGGRESSIVE;
				CLANG_WARN_UNREACHABLE_CODE = YES;
				CLANG_WARN__DUPLICATE_METHOD_MATCH = YES;
				CODE_SIGN_IDENTITY = "iPhone Developer";
				COPY_PHASE_STRIP = NO;
				DEBUG_INFORMATION_FORMAT = "dwarf-with-dsym";
				ENABLE_NS_ASSERTIONS = NO;
				ENABLE_STRICT_OBJC_MSGSEND = YES;
				GCC_C_LANGUAGE_STANDARD = gnu11;
				GCC_NO_COMMON_BLOCKS = YES;
				GCC_WARN_64_TO_32_BIT_CONVERSION = YES;
				GCC_WARN_ABOUT_RETURN_TYPE = YES_ERROR;
				GCC_WARN_UNDECLARED_SELECTOR = YES;
				GCC_WARN_UNINITIALIZED_AUTOS = YES_AGGRESSIVE;
				GCC_WARN_UNUSED_FUNCTION = YES;
				GCC_WARN_UNUSED_VARIABLE = YES;
				IPHONEOS_DEPLOYMENT_TARGET = 11.4;
				MTL_ENABLE_DEBUG_INFO = NO;
				SDKROOT = iphoneos;
				VALIDATE_PRODUCT = YES;
			};
			name = Release;
		};
		F1FF6F982124C06A00DDCD65 /* Debug */ = {
			isa = XCBuildConfiguration;
			buildSettings = {
				ASSETCATALOG_COMPILER_APPICON_NAME = AppIcon;
				CODE_SIGN_STYLE = Automatic;
				INFOPLIST_FILE = InstaKiloAssignment/Info.plist;
				LD_RUNPATH_SEARCH_PATHS = (
					"$(inherited)",
					"@executable_path/Frameworks",
				);
				PRODUCT_BUNDLE_IDENTIFIER = ca.nathanwainwright.InstaKiloAssignment;
				PRODUCT_NAME = "$(TARGET_NAME)";
				TARGETED_DEVICE_FAMILY = "1,2";
			};
			name = Debug;
		};
		F1FF6F992124C06A00DDCD65 /* Release */ = {
			isa = XCBuildConfiguration;
			buildSettings = {
				ASSETCATALOG_COMPILER_APPICON_NAME = AppIcon;
				CODE_SIGN_STYLE = Automatic;
				INFOPLIST_FILE = InstaKiloAssignment/Info.plist;
				LD_RUNPATH_SEARCH_PATHS = (
					"$(inherited)",
					"@executable_path/Frameworks",
				);
				PRODUCT_BUNDLE_IDENTIFIER = ca.nathanwainwright.InstaKiloAssignment;
				PRODUCT_NAME = "$(TARGET_NAME)";
				TARGETED_DEVICE_FAMILY = "1,2";
			};
			name = Release;
		};
		F1FF6F9B2124C06A00DDCD65 /* Debug */ = {
			isa = XCBuildConfiguration;
			buildSettings = {
				BUNDLE_LOADER = "$(TEST_HOST)";
				CODE_SIGN_STYLE = Automatic;
				INFOPLIST_FILE = InstaKiloAssignmentTests/Info.plist;
				LD_RUNPATH_SEARCH_PATHS = (
					"$(inherited)",
					"@executable_path/Frameworks",
					"@loader_path/Frameworks",
				);
				PRODUCT_BUNDLE_IDENTIFIER = ca.nathanwainwright.InstaKiloAssignmentTests;
				PRODUCT_NAME = "$(TARGET_NAME)";
				TARGETED_DEVICE_FAMILY = "1,2";
				TEST_HOST = "$(BUILT_PRODUCTS_DIR)/InstaKiloAssignment.app/InstaKiloAssignment";
			};
			name = Debug;
		};
		F1FF6F9C2124C06A00DDCD65 /* Release */ = {
			isa = XCBuildConfiguration;
			buildSettings = {
				BUNDLE_LOADER = "$(TEST_HOST)";
				CODE_SIGN_STYLE = Automatic;
				INFOPLIST_FILE = InstaKiloAssignmentTests/Info.plist;
				LD_RUNPATH_SEARCH_PATHS = (
					"$(inherited)",
					"@executable_path/Frameworks",
					"@loader_path/Frameworks",
				);
				PRODUCT_BUNDLE_IDENTIFIER = ca.nathanwainwright.InstaKiloAssignmentTests;
				PRODUCT_NAME = "$(TARGET_NAME)";
				TARGETED_DEVICE_FAMILY = "1,2";
				TEST_HOST = "$(BUILT_PRODUCTS_DIR)/InstaKiloAssignment.app/InstaKiloAssignment";
			};
			name = Release;
		};
/* End XCBuildConfiguration section */

/* Begin XCConfigurationList section */
		F1FF6F712124C06700DDCD65 /* Build configuration list for PBXProject "InstaKiloAssignment" */ = {
			isa = XCConfigurationList;
			buildConfigurations = (
				F1FF6F952124C06A00DDCD65 /* Debug */,
				F1FF6F962124C06A00DDCD65 /* Release */,
			);
			defaultConfigurationIsVisible = 0;
			defaultConfigurationName = Release;
		};
		F1FF6F972124C06A00DDCD65 /* Build configuration list for PBXNativeTarget "InstaKiloAssignment" */ = {
			isa = XCConfigurationList;
			buildConfigurations = (
				F1FF6F982124C06A00DDCD65 /* Debug */,
				F1FF6F992124C06A00DDCD65 /* Release */,
			);
			defaultConfigurationIsVisible = 0;
			defaultConfigurationName = Release;
		};
		F1FF6F9A2124C06A00DDCD65 /* Build configuration list for PBXNativeTarget "InstaKiloAssignmentTests" */ = {
			isa = XCConfigurationList;
			buildConfigurations = (
				F1FF6F9B2124C06A00DDCD65 /* Debug */,
				F1FF6F9C2124C06A00DDCD65 /* Release */,
			);
			defaultConfigurationIsVisible = 0;
			defaultConfigurationName = Release;
		};
/* End XCConfigurationList section */
	};
	rootObject = F1FF6F6E2124C06700DDCD65 /* Project object */;
}
